
Microsoft Visual Studio Solution File, Format Version 12.00
# Visual Studio Version 17
VisualStudioVersion = 17.7.34202.233
MinimumVisualStudioVersion = 10.0.40219.1
Project("{FAE04EC0-301F-11D3-BF4B-00C04F79EFBC}") = "DrwaingApp", "DrwaingApp.csproj", "{C954F0CB-2BA7-4B41-9117-D01CB2408343}"
EndProject
Global
	GlobalSection(SolutionConfigurationPlatforms) = preSolution
		Debug|Any CPU = Debug|Any CPU
		Release|Any CPU = Release|Any CPU
	EndGlobalSection
	GlobalSection(ProjectConfigurationPlatforms) = postSolution
		{C954F0CB-2BA7-4B41-9117-D01CB2408343}.Debug|Any CPU.ActiveCfg = Debug|Any CPU
		{C954F0CB-2BA7-4B41-9117-D01CB2408343}.Debug|Any CPU.Build.0 = Debug|Any CPU
		{C954F0CB-2BA7-4B41-9117-D01CB2408343}.Release|Any CPU.ActiveCfg = Release|Any CPU
		{C954F0CB-2BA7-4B41-9117-D01CB2408343}.Release|Any CPU.Build.0 = Release|Any CPU
	EndGlobalSection
	GlobalSection(SolutionProperties) = preSolution
		HideSolutionNode = FALSE
	EndGlobalSection
	GlobalSection(ExtensibilityGlobals) = postSolution
		SolutionGuid = {C79EAD8F-B856-46AA-9B3A-D91783EA7181}
	EndGlobalSection
EndGlobal
